
Microsoft Visual Studio Solution File, Format Version 12.00
# Visual Studio Version 17
VisualStudioVersion = 17.0.31903.59
MinimumVisualStudioVersion = 10.0.40219.1
Project("{2150E333-8FDC-42A3-9474-1A3956D46DE8}") = "src", "src", "{D9A5477F-5833-4DEE-8108-6F1E5B821F51}"
EndProject
Project("{FAE04EC0-301F-11D3-BF4B-00C04F79EFBC}") = "FinanceSentry.Core", "src\FinanceSentry.Core\FinanceSentry.Core.csproj", "{B86EF5B7-EB57-43B7-AAA0-978CD873F871}"
EndProject
Project("{FAE04EC0-301F-11D3-BF4B-00C04F79EFBC}") = "FinanceSentry.Modules.BankSync", "src\FinanceSentry.Modules.BankSync\FinanceSentry.Modules.BankSync.csproj", "{2EF28754-3228-48AD-A3A4-769C15C10919}"
EndProject
Project("{FAE04EC0-301F-11D3-BF4B-00C04F79EFBC}") = "FinanceSentry.Infrastructure", "src\FinanceSentry.Infrastructure\FinanceSentry.Infrastructure.csproj", "{F1769CE7-6D50-429F-93D4-3E7476DC84C5}"
EndProject
Project("{FAE04EC0-301F-11D3-BF4B-00C04F79EFBC}") = "FinanceSentry.API", "src\FinanceSentry.API\FinanceSentry.API.csproj", "{5ACD2605-F8BB-49B3-8DD8-5370BAEDD5E2}"
EndProject
Project("{FAE04EC0-301F-11D3-BF4B-00C04F79EFBC}") = "FinanceSentry.Modules.Auth", "src\FinanceSentry.Modules.Auth\FinanceSentry.Modules.Auth.csproj", "{A1B2C3D4-E5F6-7890-ABCD-EF1234567890}"
EndProject
Project("{2150E333-8FDC-42A3-9474-1A3956D46DE8}") = "tests", "tests", "{2B36568E-4652-4C8F-9EBF-3998B38D64DA}"
EndProject
Project("{FAE04EC0-301F-11D3-BF4B-00C04F79EFBC}") = "FinanceSentry.Tests.Unit", "tests\FinanceSentry.Tests.Unit\FinanceSentry.Tests.Unit.csproj", "{C4001784-962A-4487-9430-847FB3D9869C}"
EndProject
Project("{FAE04EC0-301F-11D3-BF4B-00C04F79EFBC}") = "FinanceSentry.Tests.Integration", "tests\FinanceSentry.Tests.Integration\FinanceSentry.Tests.Integration.csproj", "{6D66767C-3B58-40E1-BBC7-50C8EFF8EA2C}"
EndProject
Project("{FAE04EC0-301F-11D3-BF4B-00C04F79EFBC}") = "FinanceSentry.Modules.CryptoSync", "src\FinanceSentry.Modules.CryptoSync\FinanceSentry.Modules.CryptoSync.csproj", "{4829087B-64F7-41D7-9928-754E71B1063D}"
EndProject
Project("{FAE04EC0-301F-11D3-BF4B-00C04F79EFBC}") = "FinanceSentry.Modules.BrokerageSync", "src\FinanceSentry.Modules.BrokerageSync\FinanceSentry.Modules.BrokerageSync.csproj", "{E6316A8E-C46A-4A17-A8C1-CD8FE24FF4A7}"
EndProject
Project("{FAE04EC0-301F-11D3-BF4B-00C04F79EFBC}") = "FinanceSentry.Modules.Alerts", "src\FinanceSentry.Modules.Alerts\FinanceSentry.Modules.Alerts.csproj", "{245FF64C-B7DB-47B8-8C41-F5143F295ECB}"
EndProject
Project("{FAE04EC0-301F-11D3-BF4B-00C04F79EFBC}") = "FinanceSentry.Modules.Budgets", "src\FinanceSentry.Modules.Budgets\FinanceSentry.Modules.Budgets.csproj", "{42F2E89C-DF10-409A-AB24-B427738189C1}"
EndProject
Project("{FAE04EC0-301F-11D3-BF4B-00C04F79EFBC}") = "FinanceSentry.Modules.Subscriptions", "src\FinanceSentry.Modules.Subscriptions\FinanceSentry.Modules.Subscriptions.csproj", "{B682FF21-1F52-4F7B-A2D5-38BC4393FB92}"
EndProject
Project("{FAE04EC0-301F-11D3-BF4B-00C04F79EFBC}") = "FinanceSentry.Modules.Wealth", "src\FinanceSentry.Modules.Wealth\FinanceSentry.Modules.Wealth.csproj", "{C371F09B-C555-488A-9CE3-32B57C398337}"
EndProject
Project("{FAE04EC0-301F-11D3-BF4B-00C04F79EFBC}") = "FinanceSentry.Mcp", "src\FinanceSentry.Mcp\FinanceSentry.Mcp.csproj", "{4CD4603E-D334-436A-AC92-CDF9D41877D3}"
EndProject
Project("{FAE04EC0-301F-11D3-BF4B-00C04F79EFBC}") = "FinanceSentry.Mcp.Tests", "tests\FinanceSentry.Mcp.Tests\FinanceSentry.Mcp.Tests.csproj", "{09CDBA0E-BF2F-41DA-8D04-DA4F6B20D7C5}"
EndProject
Project("{FAE04EC0-301F-11D3-BF4B-00C04F79EFBC}") = "FinanceSentry.Modules.Research", "src\FinanceSentry.Modules.Research\FinanceSentry.Modules.Research.csproj", "{BECD0D27-7301-4132-8EE7-3B464C7C1708}"
EndProject
Project("{FAE04EC0-301F-11D3-BF4B-00C04F79EFBC}") = "FinanceSentry.Modules.Research.Tests", "tests\FinanceSentry.Modules.Research.Tests\FinanceSentry.Modules.Research.Tests.csproj", "{4747D008-BA49-4C02-8DE5-36044ED7882E}"
EndProject
Project("{FAE04EC0-301F-11D3-BF4B-00C04F79EFBC}") = "FinanceSentry.Modules.Radar", "src\FinanceSentry.Modules.Radar\FinanceSentry.Modules.Radar.csproj", "{D2F9A8ED-CD0B-4DBB-A0BD-609E1F3D9A37}"
EndProject
Project("{FAE04EC0-301F-11D3-BF4B-00C04F79EFBC}") = "FinanceSentry.Modules.Radar.Tests", "tests\FinanceSentry.Modules.Radar.Tests\FinanceSentry.Modules.Radar.Tests.csproj", "{0175177C-D1E5-4C68-81D2-30A87392D8AF}"
EndProject
Project("{FAE04EC0-301F-11D3-BF4B-00C04F79EFBC}") = "FinanceSentry.Modules.Risk", "src\FinanceSentry.Modules.Risk\FinanceSentry.Modules.Risk.csproj", "{64BE902A-2063-4579-9F6F-CDC280A04267}"
EndProject
Project("{FAE04EC0-301F-11D3-BF4B-00C04F79EFBC}") = "FinanceSentry.Modules.Risk.Tests", "tests\FinanceSentry.Modules.Risk.Tests\FinanceSentry.Modules.Risk.Tests.csproj", "{6508B738-E1E8-40BD-9196-9AC61B9F4851}"
EndProject
Project("{FAE04EC0-301F-11D3-BF4B-00C04F79EFBC}") = "FinanceSentry.Modules.Companion", "src\FinanceSentry.Modules.Companion\FinanceSentry.Modules.Companion.csproj", "{F3EE14E7-7177-494E-B4BF-7ED5A40DC956}"
EndProject
Project("{FAE04EC0-301F-11D3-BF4B-00C04F79EFBC}") = "FinanceSentry.Modules.Companion.Tests", "tests\FinanceSentry.Modules.Companion.Tests\FinanceSentry.Modules.Companion.Tests.csproj", "{4560CC24-A43A-495A-8890-E15F5228A5CC}"
EndProject
Project("{FAE04EC0-301F-11D3-BF4B-00C04F79EFBC}") = "FinanceSentry.Modules.Analytics", "src\FinanceSentry.Modules.Analytics\FinanceSentry.Modules.Analytics.csproj", "{2ABBF5AA-E173-4243-B9A1-4D1938A9DA6A}"
EndProject
Project("{FAE04EC0-301F-11D3-BF4B-00C04F79EFBC}") = "FinanceSentry.Modules.Analytics.Tests", "tests\FinanceSentry.Modules.Analytics.Tests\FinanceSentry.Modules.Analytics.Tests.csproj", "{B96599D3-6BF2-4276-93F3-70E84F03F712}"
EndProject
Project("{FAE04EC0-301F-11D3-BF4B-00C04F79EFBC}") = "FinanceSentry.Modules.Retention", "src\FinanceSentry.Modules.Retention\FinanceSentry.Modules.Retention.csproj", "{E02FDBA5-2A79-4BE7-B9C9-DA6CFEC58F66}"
EndProject
Project("{FAE04EC0-301F-11D3-BF4B-00C04F79EFBC}") = "FinanceSentry.Modules.Retention.Tests", "tests\FinanceSentry.Modules.Retention.Tests\FinanceSentry.Modules.Retention.Tests.csproj", "{795AF144-C2D9-4D60-BD1A-144E2A131EA0}"
EndProject
Project("{FAE04EC0-301F-11D3-BF4B-00C04F79EFBC}") = "FinanceSentry.Gateway", "src\FinanceSentry.Gateway\FinanceSentry.Gateway.csproj", "{FC58D173-3F5E-49DE-B38C-2FE94BEBF955}"
EndProject
Project("{FAE04EC0-301F-11D3-BF4B-00C04F79EFBC}") = "FinanceSentry.Gateway.Tests", "tests\FinanceSentry.Gateway.Tests\FinanceSentry.Gateway.Tests.csproj", "{0DA435C4-67D4-48F0-99AE-558819FB9880}"
EndProject
Project("{FAE04EC0-301F-11D3-BF4B-00C04F79EFBC}") = "FinanceSentry.Integration", "src\FinanceSentry.Integration\FinanceSentry.Integration.csproj", "{B998E621-FB3C-47AE-ACE0-D92D264FA076}"
EndProject
Project("{FAE04EC0-301F-11D3-BF4B-00C04F79EFBC}") = "FinanceSentry.Modules.Agent", "src\FinanceSentry.Modules.Agent\FinanceSentry.Modules.Agent.csproj", "{2F848E87-80E1-42F3-A6C5-EFD80E1CC864}"
EndProject
Project("{FAE04EC0-301F-11D3-BF4B-00C04F79EFBC}") = "FinanceSentry.Modules.Liquidity", "src\FinanceSentry.Modules.Liquidity\FinanceSentry.Modules.Liquidity.csproj", "{A3C7F2B1-9E4D-4A8C-B5E6-1F2D3C4E5F6A}"
EndProject
Project("{FAE04EC0-301F-11D3-BF4B-00C04F79EFBC}") = "FinanceSentry.Modules.Agent.Tests", "tests\FinanceSentry.Modules.Agent.Tests\FinanceSentry.Modules.Agent.Tests.csproj", "{4357344F-4659-45C8-8112-310F04285645}"
EndProject
Global
	GlobalSection(SolutionConfigurationPlatforms) = preSolution
		Debug|Any CPU = Debug|Any CPU
		Debug|x64 = Debug|x64
		Debug|x86 = Debug|x86
		Release|Any CPU = Release|Any CPU
		Release|x64 = Release|x64
		Release|x86 = Release|x86
	EndGlobalSection
	GlobalSection(ProjectConfigurationPlatforms) = postSolution
		{B86EF5B7-EB57-43B7-AAA0-978CD873F871}.Debug|Any CPU.ActiveCfg = Debug|Any CPU
		{B86EF5B7-EB57-43B7-AAA0-978CD873F871}.Debug|Any CPU.Build.0 = Debug|Any CPU
		{B86EF5B7-EB57-43B7-AAA0-978CD873F871}.Debug|x64.ActiveCfg = Debug|Any CPU
		{B86EF5B7-EB57-43B7-AAA0-978CD873F871}.Debug|x64.Build.0 = Debug|Any CPU
		{B86EF5B7-EB57-43B7-AAA0-978CD873F871}.Debug|x86.ActiveCfg = Debug|Any CPU
		{B86EF5B7-EB57-43B7-AAA0-978CD873F871}.Debug|x86.Build.0 = Debug|Any CPU
		{B86EF5B7-EB57-43B7-AAA0-978CD873F871}.Release|Any CPU.ActiveCfg = Release|Any CPU
		{B86EF5B7-EB57-43B7-AAA0-978CD873F871}.Release|Any CPU.Build.0 = Release|Any CPU
		{B86EF5B7-EB57-43B7-AAA0-978CD873F871}.Release|x64.ActiveCfg = Release|Any CPU
		{B86EF5B7-EB57-43B7-AAA0-978CD873F871}.Release|x64.Build.0 = Release|Any CPU
		{B86EF5B7-EB57-43B7-AAA0-978CD873F871}.Release|x86.ActiveCfg = Release|Any CPU
		{B86EF5B7-EB57-43B7-AAA0-978CD873F871}.Release|x86.Build.0 = Release|Any CPU
		{2EF28754-3228-48AD-A3A4-769C15C10919}.Debug|Any CPU.ActiveCfg = Debug|Any CPU
		{2EF28754-3228-48AD-A3A4-769C15C10919}.Debug|Any CPU.Build.0 = Debug|Any CPU
		{2EF28754-3228-48AD-A3A4-769C15C10919}.Debug|x64.ActiveCfg = Debug|Any CPU
		{2EF28754-3228-48AD-A3A4-769C15C10919}.Debug|x64.Build.0 = Debug|Any CPU
		{2EF28754-3228-48AD-A3A4-769C15C10919}.Debug|x86.ActiveCfg = Debug|Any CPU
		{2EF28754-3228-48AD-A3A4-769C15C10919}.Debug|x86.Build.0 = Debug|Any CPU
		{2EF28754-3228-48AD-A3A4-769C15C10919}.Release|Any CPU.ActiveCfg = Release|Any CPU
		{2EF28754-3228-48AD-A3A4-769C15C10919}.Release|Any CPU.Build.0 = Release|Any CPU
		{2EF28754-3228-48AD-A3A4-769C15C10919}.Release|x64.ActiveCfg = Release|Any CPU
		{2EF28754-3228-48AD-A3A4-769C15C10919}.Release|x64.Build.0 = Release|Any CPU
		{2EF28754-3228-48AD-A3A4-769C15C10919}.Release|x86.ActiveCfg = Release|Any CPU
		{2EF28754-3228-48AD-A3A4-769C15C10919}.Release|x86.Build.0 = Release|Any CPU
		{F1769CE7-6D50-429F-93D4-3E7476DC84C5}.Debug|Any CPU.ActiveCfg = Debug|Any CPU
		{F1769CE7-6D50-429F-93D4-3E7476DC84C5}.Debug|Any CPU.Build.0 = Debug|Any CPU
		{F1769CE7-6D50-429F-93D4-3E7476DC84C5}.Debug|x64.ActiveCfg = Debug|Any CPU
		{F1769CE7-6D50-429F-93D4-3E7476DC84C5}.Debug|x64.Build.0 = Debug|Any CPU
		{F1769CE7-6D50-429F-93D4-3E7476DC84C5}.Debug|x86.ActiveCfg = Debug|Any CPU
		{F1769CE7-6D50-429F-93D4-3E7476DC84C5}.Debug|x86.Build.0 = Debug|Any CPU
		{F1769CE7-6D50-429F-93D4-3E7476DC84C5}.Release|Any CPU.ActiveCfg = Release|Any CPU
		{F1769CE7-6D50-429F-93D4-3E7476DC84C5}.Release|Any CPU.Build.0 = Release|Any CPU
		{F1769CE7-6D50-429F-93D4-3E7476DC84C5}.Release|x64.ActiveCfg = Release|Any CPU
		{F1769CE7-6D50-429F-93D4-3E7476DC84C5}.Release|x64.Build.0 = Release|Any CPU
		{F1769CE7-6D50-429F-93D4-3E7476DC84C5}.Release|x86.ActiveCfg = Release|Any CPU
		{F1769CE7-6D50-429F-93D4-3E7476DC84C5}.Release|x86.Build.0 = Release|Any CPU
		{5ACD2605-F8BB-49B3-8DD8-5370BAEDD5E2}.Debug|Any CPU.ActiveCfg = Debug|Any CPU
		{5ACD2605-F8BB-49B3-8DD8-5370BAEDD5E2}.Debug|Any CPU.Build.0 = Debug|Any CPU
		{5ACD2605-F8BB-49B3-8DD8-5370BAEDD5E2}.Debug|x64.ActiveCfg = Debug|Any CPU
		{5ACD2605-F8BB-49B3-8DD8-5370BAEDD5E2}.Debug|x64.Build.0 = Debug|Any CPU
		{5ACD2605-F8BB-49B3-8DD8-5370BAEDD5E2}.Debug|x86.ActiveCfg = Debug|Any CPU
		{5ACD2605-F8BB-49B3-8DD8-5370BAEDD5E2}.Debug|x86.Build.0 = Debug|Any CPU
		{5ACD2605-F8BB-49B3-8DD8-5370BAEDD5E2}.Release|Any CPU.ActiveCfg = Release|Any CPU
		{5ACD2605-F8BB-49B3-8DD8-5370BAEDD5E2}.Release|Any CPU.Build.0 = Release|Any CPU
		{5ACD2605-F8BB-49B3-8DD8-5370BAEDD5E2}.Release|x64.ActiveCfg = Release|Any CPU
		{5ACD2605-F8BB-49B3-8DD8-5370BAEDD5E2}.Release|x64.Build.0 = Release|Any CPU
		{5ACD2605-F8BB-49B3-8DD8-5370BAEDD5E2}.Release|x86.ActiveCfg = Release|Any CPU
		{5ACD2605-F8BB-49B3-8DD8-5370BAEDD5E2}.Release|x86.Build.0 = Release|Any CPU
		{A1B2C3D4-E5F6-7890-ABCD-EF1234567890}.Debug|Any CPU.ActiveCfg = Debug|Any CPU
		{A1B2C3D4-E5F6-7890-ABCD-EF1234567890}.Debug|Any CPU.Build.0 = Debug|Any CPU
		{A1B2C3D4-E5F6-7890-ABCD-EF1234567890}.Debug|x64.ActiveCfg = Debug|Any CPU
		{A1B2C3D4-E5F6-7890-ABCD-EF1234567890}.Debug|x64.Build.0 = Debug|Any CPU
		{A1B2C3D4-E5F6-7890-ABCD-EF1234567890}.Debug|x86.ActiveCfg = Debug|Any CPU
		{A1B2C3D4-E5F6-7890-ABCD-EF1234567890}.Debug|x86.Build.0 = Debug|Any CPU
		{A1B2C3D4-E5F6-7890-ABCD-EF1234567890}.Release|Any CPU.ActiveCfg = Release|Any CPU
		{A1B2C3D4-E5F6-7890-ABCD-EF1234567890}.Release|Any CPU.Build.0 = Release|Any CPU
		{A1B2C3D4-E5F6-7890-ABCD-EF1234567890}.Release|x64.ActiveCfg = Release|Any CPU
		{A1B2C3D4-E5F6-7890-ABCD-EF1234567890}.Release|x64.Build.0 = Release|Any CPU
		{A1B2C3D4-E5F6-7890-ABCD-EF1234567890}.Release|x86.ActiveCfg = Release|Any CPU
		{A1B2C3D4-E5F6-7890-ABCD-EF1234567890}.Release|x86.Build.0 = Release|Any CPU
		{C4001784-962A-4487-9430-847FB3D9869C}.Debug|Any CPU.ActiveCfg = Debug|Any CPU
		{C4001784-962A-4487-9430-847FB3D9869C}.Debug|Any CPU.Build.0 = Debug|Any CPU
		{C4001784-962A-4487-9430-847FB3D9869C}.Debug|x64.ActiveCfg = Debug|Any CPU
		{C4001784-962A-4487-9430-847FB3D9869C}.Debug|x64.Build.0 = Debug|Any CPU
		{C4001784-962A-4487-9430-847FB3D9869C}.Debug|x86.ActiveCfg = Debug|Any CPU
		{C4001784-962A-4487-9430-847FB3D9869C}.Debug|x86.Build.0 = Debug|Any CPU
		{C4001784-962A-4487-9430-847FB3D9869C}.Release|Any CPU.ActiveCfg = Release|Any CPU
		{C4001784-962A-4487-9430-847FB3D9869C}.Release|Any CPU.Build.0 = Release|Any CPU
		{C4001784-962A-4487-9430-847FB3D9869C}.Release|x64.ActiveCfg = Release|Any CPU
		{C4001784-962A-4487-9430-847FB3D9869C}.Release|x64.Build.0 = Release|Any CPU
		{C4001784-962A-4487-9430-847FB3D9869C}.Release|x86.ActiveCfg = Release|Any CPU
		{C4001784-962A-4487-9430-847FB3D9869C}.Release|x86.Build.0 = Release|Any CPU
		{6D66767C-3B58-40E1-BBC7-50C8EFF8EA2C}.Debug|Any CPU.ActiveCfg = Debug|Any CPU
		{6D66767C-3B58-40E1-BBC7-50C8EFF8EA2C}.Debug|Any CPU.Build.0 = Debug|Any CPU
		{6D66767C-3B58-40E1-BBC7-50C8EFF8EA2C}.Debug|x64.ActiveCfg = Debug|Any CPU
		{6D66767C-3B58-40E1-BBC7-50C8EFF8EA2C}.Debug|x64.Build.0 = Debug|Any CPU
		{6D66767C-3B58-40E1-BBC7-50C8EFF8EA2C}.Debug|x86.ActiveCfg = Debug|Any CPU
		{6D66767C-3B58-40E1-BBC7-50C8EFF8EA2C}.Debug|x86.Build.0 = Debug|Any CPU
		{6D66767C-3B58-40E1-BBC7-50C8EFF8EA2C}.Release|Any CPU.ActiveCfg = Release|Any CPU
		{6D66767C-3B58-40E1-BBC7-50C8EFF8EA2C}.Release|Any CPU.Build.0 = Release|Any CPU
		{6D66767C-3B58-40E1-BBC7-50C8EFF8EA2C}.Release|x64.ActiveCfg = Release|Any CPU
		{6D66767C-3B58-40E1-BBC7-50C8EFF8EA2C}.Release|x64.Build.0 = Release|Any CPU
		{6D66767C-3B58-40E1-BBC7-50C8EFF8EA2C}.Release|x86.ActiveCfg = Release|Any CPU
		{6D66767C-3B58-40E1-BBC7-50C8EFF8EA2C}.Release|x86.Build.0 = Release|Any CPU
		{4829087B-64F7-41D7-9928-754E71B1063D}.Debug|Any CPU.ActiveCfg = Debug|Any CPU
		{4829087B-64F7-41D7-9928-754E71B1063D}.Debug|Any CPU.Build.0 = Debug|Any CPU
		{4829087B-64F7-41D7-9928-754E71B1063D}.Debug|x64.ActiveCfg = Debug|Any CPU
		{4829087B-64F7-41D7-9928-754E71B1063D}.Debug|x64.Build.0 = Debug|Any CPU
		{4829087B-64F7-41D7-9928-754E71B1063D}.Debug|x86.ActiveCfg = Debug|Any CPU
		{4829087B-64F7-41D7-9928-754E71B1063D}.Debug|x86.Build.0 = Debug|Any CPU
		{4829087B-64F7-41D7-9928-754E71B1063D}.Release|Any CPU.ActiveCfg = Release|Any CPU
		{4829087B-64F7-41D7-9928-754E71B1063D}.Release|Any CPU.Build.0 = Release|Any CPU
		{4829087B-64F7-41D7-9928-754E71B1063D}.Release|x64.ActiveCfg = Release|Any CPU
		{4829087B-64F7-41D7-9928-754E71B1063D}.Release|x64.Build.0 = Release|Any CPU
		{4829087B-64F7-41D7-9928-754E71B1063D}.Release|x86.ActiveCfg = Release|Any CPU
		{4829087B-64F7-41D7-9928-754E71B1063D}.Release|x86.Build.0 = Release|Any CPU
		{E6316A8E-C46A-4A17-A8C1-CD8FE24FF4A7}.Debug|Any CPU.ActiveCfg = Debug|Any CPU
		{E6316A8E-C46A-4A17-A8C1-CD8FE24FF4A7}.Debug|Any CPU.Build.0 = Debug|Any CPU
		{E6316A8E-C46A-4A17-A8C1-CD8FE24FF4A7}.Debug|x64.ActiveCfg = Debug|Any CPU
		{E6316A8E-C46A-4A17-A8C1-CD8FE24FF4A7}.Debug|x64.Build.0 = Debug|Any CPU
		{E6316A8E-C46A-4A17-A8C1-CD8FE24FF4A7}.Debug|x86.ActiveCfg = Debug|Any CPU
		{E6316A8E-C46A-4A17-A8C1-CD8FE24FF4A7}.Debug|x86.Build.0 = Debug|Any CPU
		{E6316A8E-C46A-4A17-A8C1-CD8FE24FF4A7}.Release|Any CPU.ActiveCfg = Release|Any CPU
		{E6316A8E-C46A-4A17-A8C1-CD8FE24FF4A7}.Release|Any CPU.Build.0 = Release|Any CPU
		{E6316A8E-C46A-4A17-A8C1-CD8FE24FF4A7}.Release|x64.ActiveCfg = Release|Any CPU
		{E6316A8E-C46A-4A17-A8C1-CD8FE24FF4A7}.Release|x64.Build.0 = Release|Any CPU
		{E6316A8E-C46A-4A17-A8C1-CD8FE24FF4A7}.Release|x86.ActiveCfg = Release|Any CPU
		{E6316A8E-C46A-4A17-A8C1-CD8FE24FF4A7}.Release|x86.Build.0 = Release|Any CPU
		{245FF64C-B7DB-47B8-8C41-F5143F295ECB}.Debug|Any CPU.ActiveCfg = Debug|Any CPU
		{245FF64C-B7DB-47B8-8C41-F5143F295ECB}.Debug|Any CPU.Build.0 = Debug|Any CPU
		{245FF64C-B7DB-47B8-8C41-F5143F295ECB}.Debug|x64.ActiveCfg = Debug|Any CPU
		{245FF64C-B7DB-47B8-8C41-F5143F295ECB}.Debug|x64.Build.0 = Debug|Any CPU
		{245FF64C-B7DB-47B8-8C41-F5143F295ECB}.Debug|x86.ActiveCfg = Debug|Any CPU
		{245FF64C-B7DB-47B8-8C41-F5143F295ECB}.Debug|x86.Build.0 = Debug|Any CPU
		{245FF64C-B7DB-47B8-8C41-F5143F295ECB}.Release|Any CPU.ActiveCfg = Release|Any CPU
		{245FF64C-B7DB-47B8-8C41-F5143F295ECB}.Release|Any CPU.Build.0 = Release|Any CPU
		{245FF64C-B7DB-47B8-8C41-F5143F295ECB}.Release|x64.ActiveCfg = Release|Any CPU
		{245FF64C-B7DB-47B8-8C41-F5143F295ECB}.Release|x64.Build.0 = Release|Any CPU
		{245FF64C-B7DB-47B8-8C41-F5143F295ECB}.Release|x86.ActiveCfg = Release|Any CPU
		{245FF64C-B7DB-47B8-8C41-F5143F295ECB}.Release|x86.Build.0 = Release|Any CPU
		{42F2E89C-DF10-409A-AB24-B427738189C1}.Debug|Any CPU.ActiveCfg = Debug|Any CPU
		{42F2E89C-DF10-409A-AB24-B427738189C1}.Debug|Any CPU.Build.0 = Debug|Any CPU
		{42F2E89C-DF10-409A-AB24-B427738189C1}.Debug|x64.ActiveCfg = Debug|Any CPU
		{42F2E89C-DF10-409A-AB24-B427738189C1}.Debug|x64.Build.0 = Debug|Any CPU
		{42F2E89C-DF10-409A-AB24-B427738189C1}.Debug|x86.ActiveCfg = Debug|Any CPU
		{42F2E89C-DF10-409A-AB24-B427738189C1}.Debug|x86.Build.0 = Debug|Any CPU
		{42F2E89C-DF10-409A-AB24-B427738189C1}.Release|Any CPU.ActiveCfg = Release|Any CPU
		{42F2E89C-DF10-409A-AB24-B427738189C1}.Release|Any CPU.Build.0 = Release|Any CPU
		{42F2E89C-DF10-409A-AB24-B427738189C1}.Release|x64.ActiveCfg = Release|Any CPU
		{42F2E89C-DF10-409A-AB24-B427738189C1}.Release|x64.Build.0 = Release|Any CPU
		{42F2E89C-DF10-409A-AB24-B427738189C1}.Release|x86.ActiveCfg = Release|Any CPU
		{42F2E89C-DF10-409A-AB24-B427738189C1}.Release|x86.Build.0 = Release|Any CPU
		{B682FF21-1F52-4F7B-A2D5-38BC4393FB92}.Debug|Any CPU.ActiveCfg = Debug|Any CPU
		{B682FF21-1F52-4F7B-A2D5-38BC4393FB92}.Debug|Any CPU.Build.0 = Debug|Any CPU
		{B682FF21-1F52-4F7B-A2D5-38BC4393FB92}.Debug|x64.ActiveCfg = Debug|Any CPU
		{B682FF21-1F52-4F7B-A2D5-38BC4393FB92}.Debug|x64.Build.0 = Debug|Any CPU
		{B682FF21-1F52-4F7B-A2D5-38BC4393FB92}.Debug|x86.ActiveCfg = Debug|Any CPU
		{B682FF21-1F52-4F7B-A2D5-38BC4393FB92}.Debug|x86.Build.0 = Debug|Any CPU
		{B682FF21-1F52-4F7B-A2D5-38BC4393FB92}.Release|Any CPU.ActiveCfg = Release|Any CPU
		{B682FF21-1F52-4F7B-A2D5-38BC4393FB92}.Release|Any CPU.Build.0 = Release|Any CPU
		{B682FF21-1F52-4F7B-A2D5-38BC4393FB92}.Release|x64.ActiveCfg = Release|Any CPU
		{B682FF21-1F52-4F7B-A2D5-38BC4393FB92}.Release|x64.Build.0 = Release|Any CPU
		{B682FF21-1F52-4F7B-A2D5-38BC4393FB92}.Release|x86.ActiveCfg = Release|Any CPU
		{B682FF21-1F52-4F7B-A2D5-38BC4393FB92}.Release|x86.Build.0 = Release|Any CPU
		{C371F09B-C555-488A-9CE3-32B57C398337}.Debug|Any CPU.ActiveCfg = Debug|Any CPU
		{C371F09B-C555-488A-9CE3-32B57C398337}.Debug|Any CPU.Build.0 = Debug|Any CPU
		{C371F09B-C555-488A-9CE3-32B57C398337}.Debug|x64.ActiveCfg = Debug|Any CPU
		{C371F09B-C555-488A-9CE3-32B57C398337}.Debug|x64.Build.0 = Debug|Any CPU
		{C371F09B-C555-488A-9CE3-32B57C398337}.Debug|x86.ActiveCfg = Debug|Any CPU
		{C371F09B-C555-488A-9CE3-32B57C398337}.Debug|x86.Build.0 = Debug|Any CPU
		{C371F09B-C555-488A-9CE3-32B57C398337}.Release|Any CPU.ActiveCfg = Release|Any CPU
		{C371F09B-C555-488A-9CE3-32B57C398337}.Release|Any CPU.Build.0 = Release|Any CPU
		{C371F09B-C555-488A-9CE3-32B57C398337}.Release|x64.ActiveCfg = Release|Any CPU
		{C371F09B-C555-488A-9CE3-32B57C398337}.Release|x64.Build.0 = Release|Any CPU
		{C371F09B-C555-488A-9CE3-32B57C398337}.Release|x86.ActiveCfg = Release|Any CPU
		{C371F09B-C555-488A-9CE3-32B57C398337}.Release|x86.Build.0 = Release|Any CPU
		{4CD4603E-D334-436A-AC92-CDF9D41877D3}.Debug|Any CPU.ActiveCfg = Debug|Any CPU
		{4CD4603E-D334-436A-AC92-CDF9D41877D3}.Debug|Any CPU.Build.0 = Debug|Any CPU
		{4CD4603E-D334-436A-AC92-CDF9D41877D3}.Debug|x64.ActiveCfg = Debug|Any CPU
		{4CD4603E-D334-436A-AC92-CDF9D41877D3}.Debug|x64.Build.0 = Debug|Any CPU
		{4CD4603E-D334-436A-AC92-CDF9D41877D3}.Debug|x86.ActiveCfg = Debug|Any CPU
		{4CD4603E-D334-436A-AC92-CDF9D41877D3}.Debug|x86.Build.0 = Debug|Any CPU
		{4CD4603E-D334-436A-AC92-CDF9D41877D3}.Release|Any CPU.ActiveCfg = Release|Any CPU
		{4CD4603E-D334-436A-AC92-CDF9D41877D3}.Release|Any CPU.Build.0 = Release|Any CPU
		{4CD4603E-D334-436A-AC92-CDF9D41877D3}.Release|x64.ActiveCfg = Release|Any CPU
		{4CD4603E-D334-436A-AC92-CDF9D41877D3}.Release|x64.Build.0 = Release|Any CPU
		{4CD4603E-D334-436A-AC92-CDF9D41877D3}.Release|x86.ActiveCfg = Release|Any CPU
		{4CD4603E-D334-436A-AC92-CDF9D41877D3}.Release|x86.Build.0 = Release|Any CPU
		{09CDBA0E-BF2F-41DA-8D04-DA4F6B20D7C5}.Debug|Any CPU.ActiveCfg = Debug|Any CPU
		{09CDBA0E-BF2F-41DA-8D04-DA4F6B20D7C5}.Debug|Any CPU.Build.0 = Debug|Any CPU
		{09CDBA0E-BF2F-41DA-8D04-DA4F6B20D7C5}.Debug|x64.ActiveCfg = Debug|Any CPU
		{09CDBA0E-BF2F-41DA-8D04-DA4F6B20D7C5}.Debug|x64.Build.0 = Debug|Any CPU
		{09CDBA0E-BF2F-41DA-8D04-DA4F6B20D7C5}.Debug|x86.ActiveCfg = Debug|Any CPU
		{09CDBA0E-BF2F-41DA-8D04-DA4F6B20D7C5}.Debug|x86.Build.0 = Debug|Any CPU
		{09CDBA0E-BF2F-41DA-8D04-DA4F6B20D7C5}.Release|Any CPU.ActiveCfg = Release|Any CPU
		{09CDBA0E-BF2F-41DA-8D04-DA4F6B20D7C5}.Release|Any CPU.Build.0 = Release|Any CPU
		{09CDBA0E-BF2F-41DA-8D04-DA4F6B20D7C5}.Release|x64.ActiveCfg = Release|Any CPU
		{09CDBA0E-BF2F-41DA-8D04-DA4F6B20D7C5}.Release|x64.Build.0 = Release|Any CPU
		{09CDBA0E-BF2F-41DA-8D04-DA4F6B20D7C5}.Release|x86.ActiveCfg = Release|Any CPU
		{09CDBA0E-BF2F-41DA-8D04-DA4F6B20D7C5}.Release|x86.Build.0 = Release|Any CPU
		{BECD0D27-7301-4132-8EE7-3B464C7C1708}.Debug|Any CPU.ActiveCfg = Debug|Any CPU
		{BECD0D27-7301-4132-8EE7-3B464C7C1708}.Debug|Any CPU.Build.0 = Debug|Any CPU
		{BECD0D27-7301-4132-8EE7-3B464C7C1708}.Debug|x64.ActiveCfg = Debug|Any CPU
		{BECD0D27-7301-4132-8EE7-3B464C7C1708}.Debug|x64.Build.0 = Debug|Any CPU
		{BECD0D27-7301-4132-8EE7-3B464C7C1708}.Debug|x86.ActiveCfg = Debug|Any CPU
		{BECD0D27-7301-4132-8EE7-3B464C7C1708}.Debug|x86.Build.0 = Debug|Any CPU
		{BECD0D27-7301-4132-8EE7-3B464C7C1708}.Release|Any CPU.ActiveCfg = Release|Any CPU
		{BECD0D27-7301-4132-8EE7-3B464C7C1708}.Release|Any CPU.Build.0 = Release|Any CPU
		{BECD0D27-7301-4132-8EE7-3B464C7C1708}.Release|x64.ActiveCfg = Release|Any CPU
		{BECD0D27-7301-4132-8EE7-3B464C7C1708}.Release|x64.Build.0 = Release|Any CPU
		{BECD0D27-7301-4132-8EE7-3B464C7C1708}.Release|x86.ActiveCfg = Release|Any CPU
		{BECD0D27-7301-4132-8EE7-3B464C7C1708}.Release|x86.Build.0 = Release|Any CPU
		{4747D008-BA49-4C02-8DE5-36044ED7882E}.Debug|Any CPU.ActiveCfg = Debug|Any CPU
		{4747D008-BA49-4C02-8DE5-36044ED7882E}.Debug|Any CPU.Build.0 = Debug|Any CPU
		{4747D008-BA49-4C02-8DE5-36044ED7882E}.Debug|x64.ActiveCfg = Debug|Any CPU
		{4747D008-BA49-4C02-8DE5-36044ED7882E}.Debug|x64.Build.0 = Debug|Any CPU
		{4747D008-BA49-4C02-8DE5-36044ED7882E}.Debug|x86.ActiveCfg = Debug|Any CPU
		{4747D008-BA49-4C02-8DE5-36044ED7882E}.Debug|x86.Build.0 = Debug|Any CPU
		{4747D008-BA49-4C02-8DE5-36044ED7882E}.Release|Any CPU.ActiveCfg = Release|Any CPU
		{4747D008-BA49-4C02-8DE5-36044ED7882E}.Release|Any CPU.Build.0 = Release|Any CPU
		{4747D008-BA49-4C02-8DE5-36044ED7882E}.Release|x64.ActiveCfg = Release|Any CPU
		{4747D008-BA49-4C02-8DE5-36044ED7882E}.Release|x64.Build.0 = Release|Any CPU
		{4747D008-BA49-4C02-8DE5-36044ED7882E}.Release|x86.ActiveCfg = Release|Any CPU
		{4747D008-BA49-4C02-8DE5-36044ED7882E}.Release|x86.Build.0 = Release|Any CPU
		{D2F9A8ED-CD0B-4DBB-A0BD-609E1F3D9A37}.Debug|Any CPU.ActiveCfg = Debug|Any CPU
		{D2F9A8ED-CD0B-4DBB-A0BD-609E1F3D9A37}.Debug|Any CPU.Build.0 = Debug|Any CPU
		{D2F9A8ED-CD0B-4DBB-A0BD-609E1F3D9A37}.Debug|x64.ActiveCfg = Debug|Any CPU
		{D2F9A8ED-CD0B-4DBB-A0BD-609E1F3D9A37}.Debug|x64.Build.0 = Debug|Any CPU
		{D2F9A8ED-CD0B-4DBB-A0BD-609E1F3D9A37}.Debug|x86.ActiveCfg = Debug|Any CPU
		{D2F9A8ED-CD0B-4DBB-A0BD-609E1F3D9A37}.Debug|x86.Build.0 = Debug|Any CPU
		{D2F9A8ED-CD0B-4DBB-A0BD-609E1F3D9A37}.Release|Any CPU.ActiveCfg = Release|Any CPU
		{D2F9A8ED-CD0B-4DBB-A0BD-609E1F3D9A37}.Release|Any CPU.Build.0 = Release|Any CPU
		{D2F9A8ED-CD0B-4DBB-A0BD-609E1F3D9A37}.Release|x64.ActiveCfg = Release|Any CPU
		{D2F9A8ED-CD0B-4DBB-A0BD-609E1F3D9A37}.Release|x64.Build.0 = Release|Any CPU
		{D2F9A8ED-CD0B-4DBB-A0BD-609E1F3D9A37}.Release|x86.ActiveCfg = Release|Any CPU
		{D2F9A8ED-CD0B-4DBB-A0BD-609E1F3D9A37}.Release|x86.Build.0 = Release|Any CPU
		{0175177C-D1E5-4C68-81D2-30A87392D8AF}.Debug|Any CPU.ActiveCfg = Debug|Any CPU
		{0175177C-D1E5-4C68-81D2-30A87392D8AF}.Debug|Any CPU.Build.0 = Debug|Any CPU
		{0175177C-D1E5-4C68-81D2-30A87392D8AF}.Debug|x64.ActiveCfg = Debug|Any CPU
		{0175177C-D1E5-4C68-81D2-30A87392D8AF}.Debug|x64.Build.0 = Debug|Any CPU
		{0175177C-D1E5-4C68-81D2-30A87392D8AF}.Debug|x86.ActiveCfg = Debug|Any CPU
		{0175177C-D1E5-4C68-81D2-30A87392D8AF}.Debug|x86.Build.0 = Debug|Any CPU
		{0175177C-D1E5-4C68-81D2-30A87392D8AF}.Release|Any CPU.ActiveCfg = Release|Any CPU
		{0175177C-D1E5-4C68-81D2-30A87392D8AF}.Release|Any CPU.Build.0 = Release|Any CPU
		{0175177C-D1E5-4C68-81D2-30A87392D8AF}.Release|x64.ActiveCfg = Release|Any CPU
		{0175177C-D1E5-4C68-81D2-30A87392D8AF}.Release|x64.Build.0 = Release|Any CPU
		{0175177C-D1E5-4C68-81D2-30A87392D8AF}.Release|x86.ActiveCfg = Release|Any CPU
		{0175177C-D1E5-4C68-81D2-30A87392D8AF}.Release|x86.Build.0 = Release|Any CPU
		{64BE902A-2063-4579-9F6F-CDC280A04267}.Debug|Any CPU.ActiveCfg = Debug|Any CPU
		{64BE902A-2063-4579-9F6F-CDC280A04267}.Debug|Any CPU.Build.0 = Debug|Any CPU
		{64BE902A-2063-4579-9F6F-CDC280A04267}.Debug|x64.ActiveCfg = Debug|Any CPU
		{64BE902A-2063-4579-9F6F-CDC280A04267}.Debug|x64.Build.0 = Debug|Any CPU
		{64BE902A-2063-4579-9F6F-CDC280A04267}.Debug|x86.ActiveCfg = Debug|Any CPU
		{64BE902A-2063-4579-9F6F-CDC280A04267}.Debug|x86.Build.0 = Debug|Any CPU
		{64BE902A-2063-4579-9F6F-CDC280A04267}.Release|Any CPU.ActiveCfg = Release|Any CPU
		{64BE902A-2063-4579-9F6F-CDC280A04267}.Release|Any CPU.Build.0 = Release|Any CPU
		{64BE902A-2063-4579-9F6F-CDC280A04267}.Release|x64.ActiveCfg = Release|Any CPU
		{64BE902A-2063-4579-9F6F-CDC280A04267}.Release|x64.Build.0 = Release|Any CPU
		{64BE902A-2063-4579-9F6F-CDC280A04267}.Release|x86.ActiveCfg = Release|Any CPU
		{64BE902A-2063-4579-9F6F-CDC280A04267}.Release|x86.Build.0 = Release|Any CPU
		{6508B738-E1E8-40BD-9196-9AC61B9F4851}.Debug|Any CPU.ActiveCfg = Debug|Any CPU
		{6508B738-E1E8-40BD-9196-9AC61B9F4851}.Debug|Any CPU.Build.0 = Debug|Any CPU
		{6508B738-E1E8-40BD-9196-9AC61B9F4851}.Debug|x64.ActiveCfg = Debug|Any CPU
		{6508B738-E1E8-40BD-9196-9AC61B9F4851}.Debug|x64.Build.0 = Debug|Any CPU
		{6508B738-E1E8-40BD-9196-9AC61B9F4851}.Debug|x86.ActiveCfg = Debug|Any CPU
		{6508B738-E1E8-40BD-9196-9AC61B9F4851}.Debug|x86.Build.0 = Debug|Any CPU
		{6508B738-E1E8-40BD-9196-9AC61B9F4851}.Release|Any CPU.ActiveCfg = Release|Any CPU
		{6508B738-E1E8-40BD-9196-9AC61B9F4851}.Release|Any CPU.Build.0 = Release|Any CPU
		{6508B738-E1E8-40BD-9196-9AC61B9F4851}.Release|x64.ActiveCfg = Release|Any CPU
		{6508B738-E1E8-40BD-9196-9AC61B9F4851}.Release|x64.Build.0 = Release|Any CPU
		{6508B738-E1E8-40BD-9196-9AC61B9F4851}.Release|x86.ActiveCfg = Release|Any CPU
		{6508B738-E1E8-40BD-9196-9AC61B9F4851}.Release|x86.Build.0 = Release|Any CPU
		{F3EE14E7-7177-494E-B4BF-7ED5A40DC956}.Debug|Any CPU.ActiveCfg = Debug|Any CPU
		{F3EE14E7-7177-494E-B4BF-7ED5A40DC956}.Debug|Any CPU.Build.0 = Debug|Any CPU
		{F3EE14E7-7177-494E-B4BF-7ED5A40DC956}.Debug|x64.ActiveCfg = Debug|Any CPU
		{F3EE14E7-7177-494E-B4BF-7ED5A40DC956}.Debug|x64.Build.0 = Debug|Any CPU
		{F3EE14E7-7177-494E-B4BF-7ED5A40DC956}.Debug|x86.ActiveCfg = Debug|Any CPU
		{F3EE14E7-7177-494E-B4BF-7ED5A40DC956}.Debug|x86.Build.0 = Debug|Any CPU
		{F3EE14E7-7177-494E-B4BF-7ED5A40DC956}.Release|Any CPU.ActiveCfg = Release|Any CPU
		{F3EE14E7-7177-494E-B4BF-7ED5A40DC956}.Release|Any CPU.Build.0 = Release|Any CPU
		{F3EE14E7-7177-494E-B4BF-7ED5A40DC956}.Release|x64.ActiveCfg = Release|Any CPU
		{F3EE14E7-7177-494E-B4BF-7ED5A40DC956}.Release|x64.Build.0 = Release|Any CPU
		{F3EE14E7-7177-494E-B4BF-7ED5A40DC956}.Release|x86.ActiveCfg = Release|Any CPU
		{F3EE14E7-7177-494E-B4BF-7ED5A40DC956}.Release|x86.Build.0 = Release|Any CPU
		{4560CC24-A43A-495A-8890-E15F5228A5CC}.Debug|Any CPU.ActiveCfg = Debug|Any CPU
		{4560CC24-A43A-495A-8890-E15F5228A5CC}.Debug|Any CPU.Build.0 = Debug|Any CPU
		{4560CC24-A43A-495A-8890-E15F5228A5CC}.Debug|x64.ActiveCfg = Debug|Any CPU
		{4560CC24-A43A-495A-8890-E15F5228A5CC}.Debug|x64.Build.0 = Debug|Any CPU
		{4560CC24-A43A-495A-8890-E15F5228A5CC}.Debug|x86.ActiveCfg = Debug|Any CPU
		{4560CC24-A43A-495A-8890-E15F5228A5CC}.Debug|x86.Build.0 = Debug|Any CPU
		{4560CC24-A43A-495A-8890-E15F5228A5CC}.Release|Any CPU.ActiveCfg = Release|Any CPU
		{4560CC24-A43A-495A-8890-E15F5228A5CC}.Release|Any CPU.Build.0 = Release|Any CPU
		{4560CC24-A43A-495A-8890-E15F5228A5CC}.Release|x64.ActiveCfg = Release|Any CPU
		{4560CC24-A43A-495A-8890-E15F5228A5CC}.Release|x64.Build.0 = Release|Any CPU
		{4560CC24-A43A-495A-8890-E15F5228A5CC}.Release|x86.ActiveCfg = Release|Any CPU
		{4560CC24-A43A-495A-8890-E15F5228A5CC}.Release|x86.Build.0 = Release|Any CPU
		{2ABBF5AA-E173-4243-B9A1-4D1938A9DA6A}.Debug|Any CPU.ActiveCfg = Debug|Any CPU
		{2ABBF5AA-E173-4243-B9A1-4D1938A9DA6A}.Debug|Any CPU.Build.0 = Debug|Any CPU
		{2ABBF5AA-E173-4243-B9A1-4D1938A9DA6A}.Debug|x64.ActiveCfg = Debug|Any CPU
		{2ABBF5AA-E173-4243-B9A1-4D1938A9DA6A}.Debug|x64.Build.0 = Debug|Any CPU
		{2ABBF5AA-E173-4243-B9A1-4D1938A9DA6A}.Debug|x86.ActiveCfg = Debug|Any CPU
		{2ABBF5AA-E173-4243-B9A1-4D1938A9DA6A}.Debug|x86.Build.0 = Debug|Any CPU
		{2ABBF5AA-E173-4243-B9A1-4D1938A9DA6A}.Release|Any CPU.ActiveCfg = Release|Any CPU
		{2ABBF5AA-E173-4243-B9A1-4D1938A9DA6A}.Release|Any CPU.Build.0 = Release|Any CPU
		{2ABBF5AA-E173-4243-B9A1-4D1938A9DA6A}.Release|x64.ActiveCfg = Release|Any CPU
		{2ABBF5AA-E173-4243-B9A1-4D1938A9DA6A}.Release|x64.Build.0 = Release|Any CPU
		{2ABBF5AA-E173-4243-B9A1-4D1938A9DA6A}.Release|x86.ActiveCfg = Release|Any CPU
		{2ABBF5AA-E173-4243-B9A1-4D1938A9DA6A}.Release|x86.Build.0 = Release|Any CPU
		{B96599D3-6BF2-4276-93F3-70E84F03F712}.Debug|Any CPU.ActiveCfg = Debug|Any CPU
		{B96599D3-6BF2-4276-93F3-70E84F03F712}.Debug|Any CPU.Build.0 = Debug|Any CPU
		{B96599D3-6BF2-4276-93F3-70E84F03F712}.Debug|x64.ActiveCfg = Debug|Any CPU
		{B96599D3-6BF2-4276-93F3-70E84F03F712}.Debug|x64.Build.0 = Debug|Any CPU
		{B96599D3-6BF2-4276-93F3-70E84F03F712}.Debug|x86.ActiveCfg = Debug|Any CPU
		{B96599D3-6BF2-4276-93F3-70E84F03F712}.Debug|x86.Build.0 = Debug|Any CPU
		{B96599D3-6BF2-4276-93F3-70E84F03F712}.Release|Any CPU.ActiveCfg = Release|Any CPU
		{B96599D3-6BF2-4276-93F3-70E84F03F712}.Release|Any CPU.Build.0 = Release|Any CPU
		{B96599D3-6BF2-4276-93F3-70E84F03F712}.Release|x64.ActiveCfg = Release|Any CPU
		{B96599D3-6BF2-4276-93F3-70E84F03F712}.Release|x64.Build.0 = Release|Any CPU
		{B96599D3-6BF2-4276-93F3-70E84F03F712}.Release|x86.ActiveCfg = Release|Any CPU
		{B96599D3-6BF2-4276-93F3-70E84F03F712}.Release|x86.Build.0 = Release|Any CPU
		{E02FDBA5-2A79-4BE7-B9C9-DA6CFEC58F66}.Debug|Any CPU.ActiveCfg = Debug|Any CPU
		{E02FDBA5-2A79-4BE7-B9C9-DA6CFEC58F66}.Debug|Any CPU.Build.0 = Debug|Any CPU
		{E02FDBA5-2A79-4BE7-B9C9-DA6CFEC58F66}.Debug|x64.ActiveCfg = Debug|Any CPU
		{E02FDBA5-2A79-4BE7-B9C9-DA6CFEC58F66}.Debug|x64.Build.0 = Debug|Any CPU
		{E02FDBA5-2A79-4BE7-B9C9-DA6CFEC58F66}.Debug|x86.ActiveCfg = Debug|Any CPU
		{E02FDBA5-2A79-4BE7-B9C9-DA6CFEC58F66}.Debug|x86.Build.0 = Debug|Any CPU
		{E02FDBA5-2A79-4BE7-B9C9-DA6CFEC58F66}.Release|Any CPU.ActiveCfg = Release|Any CPU
		{E02FDBA5-2A79-4BE7-B9C9-DA6CFEC58F66}.Release|Any CPU.Build.0 = Release|Any CPU
		{E02FDBA5-2A79-4BE7-B9C9-DA6CFEC58F66}.Release|x64.ActiveCfg = Release|Any CPU
		{E02FDBA5-2A79-4BE7-B9C9-DA6CFEC58F66}.Release|x64.Build.0 = Release|Any CPU
		{E02FDBA5-2A79-4BE7-B9C9-DA6CFEC58F66}.Release|x86.ActiveCfg = Release|Any CPU
		{E02FDBA5-2A79-4BE7-B9C9-DA6CFEC58F66}.Release|x86.Build.0 = Release|Any CPU
		{795AF144-C2D9-4D60-BD1A-144E2A131EA0}.Debug|Any CPU.ActiveCfg = Debug|Any CPU
		{795AF144-C2D9-4D60-BD1A-144E2A131EA0}.Debug|Any CPU.Build.0 = Debug|Any CPU
		{795AF144-C2D9-4D60-BD1A-144E2A131EA0}.Debug|x64.ActiveCfg = Debug|Any CPU
		{795AF144-C2D9-4D60-BD1A-144E2A131EA0}.Debug|x64.Build.0 = Debug|Any CPU
		{795AF144-C2D9-4D60-BD1A-144E2A131EA0}.Debug|x86.ActiveCfg = Debug|Any CPU
		{795AF144-C2D9-4D60-BD1A-144E2A131EA0}.Debug|x86.Build.0 = Debug|Any CPU
		{795AF144-C2D9-4D60-BD1A-144E2A131EA0}.Release|Any CPU.ActiveCfg = Release|Any CPU
		{795AF144-C2D9-4D60-BD1A-144E2A131EA0}.Release|Any CPU.Build.0 = Release|Any CPU
		{795AF144-C2D9-4D60-BD1A-144E2A131EA0}.Release|x64.ActiveCfg = Release|Any CPU
		{795AF144-C2D9-4D60-BD1A-144E2A131EA0}.Release|x64.Build.0 = Release|Any CPU
		{795AF144-C2D9-4D60-BD1A-144E2A131EA0}.Release|x86.ActiveCfg = Release|Any CPU
		{795AF144-C2D9-4D60-BD1A-144E2A131EA0}.Release|x86.Build.0 = Release|Any CPU
		{FC58D173-3F5E-49DE-B38C-2FE94BEBF955}.Debug|Any CPU.ActiveCfg = Debug|Any CPU
		{FC58D173-3F5E-49DE-B38C-2FE94BEBF955}.Debug|Any CPU.Build.0 = Debug|Any CPU
		{FC58D173-3F5E-49DE-B38C-2FE94BEBF955}.Debug|x64.ActiveCfg = Debug|Any CPU
		{FC58D173-3F5E-49DE-B38C-2FE94BEBF955}.Debug|x64.Build.0 = Debug|Any CPU
		{FC58D173-3F5E-49DE-B38C-2FE94BEBF955}.Debug|x86.ActiveCfg = Debug|Any CPU
		{FC58D173-3F5E-49DE-B38C-2FE94BEBF955}.Debug|x86.Build.0 = Debug|Any CPU
		{FC58D173-3F5E-49DE-B38C-2FE94BEBF955}.Release|Any CPU.ActiveCfg = Release|Any CPU
		{FC58D173-3F5E-49DE-B38C-2FE94BEBF955}.Release|Any CPU.Build.0 = Release|Any CPU
		{FC58D173-3F5E-49DE-B38C-2FE94BEBF955}.Release|x64.ActiveCfg = Release|Any CPU
		{FC58D173-3F5E-49DE-B38C-2FE94BEBF955}.Release|x64.Build.0 = Release|Any CPU
		{FC58D173-3F5E-49DE-B38C-2FE94BEBF955}.Release|x86.ActiveCfg = Release|Any CPU
		{FC58D173-3F5E-49DE-B38C-2FE94BEBF955}.Release|x86.Build.0 = Release|Any CPU
		{0DA435C4-67D4-48F0-99AE-558819FB9880}.Debug|Any CPU.ActiveCfg = Debug|Any CPU
		{0DA435C4-67D4-48F0-99AE-558819FB9880}.Debug|Any CPU.Build.0 = Debug|Any CPU
		{0DA435C4-67D4-48F0-99AE-558819FB9880}.Debug|x64.ActiveCfg = Debug|Any CPU
		{0DA435C4-67D4-48F0-99AE-558819FB9880}.Debug|x64.Build.0 = Debug|Any CPU
		{0DA435C4-67D4-48F0-99AE-558819FB9880}.Debug|x86.ActiveCfg = Debug|Any CPU
		{0DA435C4-67D4-48F0-99AE-558819FB9880}.Debug|x86.Build.0 = Debug|Any CPU
		{0DA435C4-67D4-48F0-99AE-558819FB9880}.Release|Any CPU.ActiveCfg = Release|Any CPU
		{0DA435C4-67D4-48F0-99AE-558819FB9880}.Release|Any CPU.Build.0 = Release|Any CPU
		{0DA435C4-67D4-48F0-99AE-558819FB9880}.Release|x64.ActiveCfg = Release|Any CPU
		{0DA435C4-67D4-48F0-99AE-558819FB9880}.Release|x64.Build.0 = Release|Any CPU
		{0DA435C4-67D4-48F0-99AE-558819FB9880}.Release|x86.ActiveCfg = Release|Any CPU
		{0DA435C4-67D4-48F0-99AE-558819FB9880}.Release|x86.Build.0 = Release|Any CPU
		{B998E621-FB3C-47AE-ACE0-D92D264FA076}.Debug|Any CPU.ActiveCfg = Debug|Any CPU
		{B998E621-FB3C-47AE-ACE0-D92D264FA076}.Debug|Any CPU.Build.0 = Debug|Any CPU
		{B998E621-FB3C-47AE-ACE0-D92D264FA076}.Debug|x64.ActiveCfg = Debug|Any CPU
		{B998E621-FB3C-47AE-ACE0-D92D264FA076}.Debug|x64.Build.0 = Debug|Any CPU
		{B998E621-FB3C-47AE-ACE0-D92D264FA076}.Debug|x86.ActiveCfg = Debug|Any CPU
		{B998E621-FB3C-47AE-ACE0-D92D264FA076}.Debug|x86.Build.0 = Debug|Any CPU
		{B998E621-FB3C-47AE-ACE0-D92D264FA076}.Release|Any CPU.ActiveCfg = Release|Any CPU
		{B998E621-FB3C-47AE-ACE0-D92D264FA076}.Release|Any CPU.Build.0 = Release|Any CPU
		{B998E621-FB3C-47AE-ACE0-D92D264FA076}.Release|x64.ActiveCfg = Release|Any CPU
		{B998E621-FB3C-47AE-ACE0-D92D264FA076}.Release|x64.Build.0 = Release|Any CPU
		{B998E621-FB3C-47AE-ACE0-D92D264FA076}.Release|x86.ActiveCfg = Release|Any CPU
		{B998E621-FB3C-47AE-ACE0-D92D264FA076}.Release|x86.Build.0 = Release|Any CPU
		{2F848E87-80E1-42F3-A6C5-EFD80E1CC864}.Debug|Any CPU.ActiveCfg = Debug|Any CPU
		{2F848E87-80E1-42F3-A6C5-EFD80E1CC864}.Debug|Any CPU.Build.0 = Debug|Any CPU
		{2F848E87-80E1-42F3-A6C5-EFD80E1CC864}.Debug|x64.ActiveCfg = Debug|Any CPU
		{2F848E87-80E1-42F3-A6C5-EFD80E1CC864}.Debug|x64.Build.0 = Debug|Any CPU
		{2F848E87-80E1-42F3-A6C5-EFD80E1CC864}.Debug|x86.ActiveCfg = Debug|Any CPU
		{2F848E87-80E1-42F3-A6C5-EFD80E1CC864}.Debug|x86.Build.0 = Debug|Any CPU
		{2F848E87-80E1-42F3-A6C5-EFD80E1CC864}.Release|Any CPU.ActiveCfg = Release|Any CPU
		{2F848E87-80E1-42F3-A6C5-EFD80E1CC864}.Release|Any CPU.Build.0 = Release|Any CPU
		{2F848E87-80E1-42F3-A6C5-EFD80E1CC864}.Release|x64.ActiveCfg = Release|Any CPU
		{2F848E87-80E1-42F3-A6C5-EFD80E1CC864}.Release|x64.Build.0 = Release|Any CPU
		{2F848E87-80E1-42F3-A6C5-EFD80E1CC864}.Release|x86.ActiveCfg = Release|Any CPU
		{2F848E87-80E1-42F3-A6C5-EFD80E1CC864}.Release|x86.Build.0 = Release|Any CPU
		{4357344F-4659-45C8-8112-310F04285645}.Debug|Any CPU.ActiveCfg = Debug|Any CPU
		{4357344F-4659-45C8-8112-310F04285645}.Debug|Any CPU.Build.0 = Debug|Any CPU
		{4357344F-4659-45C8-8112-310F04285645}.Debug|x64.ActiveCfg = Debug|Any CPU
		{4357344F-4659-45C8-8112-310F04285645}.Debug|x64.Build.0 = Debug|Any CPU
		{4357344F-4659-45C8-8112-310F04285645}.Debug|x86.ActiveCfg = Debug|Any CPU
		{4357344F-4659-45C8-8112-310F04285645}.Debug|x86.Build.0 = Debug|Any CPU
		{4357344F-4659-45C8-8112-310F04285645}.Release|Any CPU.ActiveCfg = Release|Any CPU
		{4357344F-4659-45C8-8112-310F04285645}.Release|Any CPU.Build.0 = Release|Any CPU
		{4357344F-4659-45C8-8112-310F04285645}.Release|x64.ActiveCfg = Release|Any CPU
		{4357344F-4659-45C8-8112-310F04285645}.Release|x64.Build.0 = Release|Any CPU
		{4357344F-4659-45C8-8112-310F04285645}.Release|x86.ActiveCfg = Release|Any CPU
		{4357344F-4659-45C8-8112-310F04285645}.Release|x86.Build.0 = Release|Any CPU
		{A3C7F2B1-9E4D-4A8C-B5E6-1F2D3C4E5F6A}.Debug|Any CPU.ActiveCfg = Debug|Any CPU
		{A3C7F2B1-9E4D-4A8C-B5E6-1F2D3C4E5F6A}.Debug|Any CPU.Build.0 = Debug|Any CPU
		{A3C7F2B1-9E4D-4A8C-B5E6-1F2D3C4E5F6A}.Debug|x64.ActiveCfg = Debug|Any CPU
		{A3C7F2B1-9E4D-4A8C-B5E6-1F2D3C4E5F6A}.Debug|x64.Build.0 = Debug|Any CPU
		{A3C7F2B1-9E4D-4A8C-B5E6-1F2D3C4E5F6A}.Debug|x86.ActiveCfg = Debug|Any CPU
		{A3C7F2B1-9E4D-4A8C-B5E6-1F2D3C4E5F6A}.Debug|x86.Build.0 = Debug|Any CPU
		{A3C7F2B1-9E4D-4A8C-B5E6-1F2D3C4E5F6A}.Release|Any CPU.ActiveCfg = Release|Any CPU
		{A3C7F2B1-9E4D-4A8C-B5E6-1F2D3C4E5F6A}.Release|Any CPU.Build.0 = Release|Any CPU
		{A3C7F2B1-9E4D-4A8C-B5E6-1F2D3C4E5F6A}.Release|x64.ActiveCfg = Release|Any CPU
		{A3C7F2B1-9E4D-4A8C-B5E6-1F2D3C4E5F6A}.Release|x64.Build.0 = Release|Any CPU
		{A3C7F2B1-9E4D-4A8C-B5E6-1F2D3C4E5F6A}.Release|x86.ActiveCfg = Release|Any CPU
		{A3C7F2B1-9E4D-4A8C-B5E6-1F2D3C4E5F6A}.Release|x86.Build.0 = Release|Any CPU
	EndGlobalSection
	GlobalSection(SolutionProperties) = preSolution
		HideSolutionNode = FALSE
	EndGlobalSection
	GlobalSection(NestedProjects) = preSolution
		{B86EF5B7-EB57-43B7-AAA0-978CD873F871} = {D9A5477F-5833-4DEE-8108-6F1E5B821F51}
		{2EF28754-3228-48AD-A3A4-769C15C10919} = {D9A5477F-5833-4DEE-8108-6F1E5B821F51}
		{F1769CE7-6D50-429F-93D4-3E7476DC84C5} = {D9A5477F-5833-4DEE-8108-6F1E5B821F51}
		{5ACD2605-F8BB-49B3-8DD8-5370BAEDD5E2} = {D9A5477F-5833-4DEE-8108-6F1E5B821F51}
		{A1B2C3D4-E5F6-7890-ABCD-EF1234567890} = {D9A5477F-5833-4DEE-8108-6F1E5B821F51}
		{C4001784-962A-4487-9430-847FB3D9869C} = {2B36568E-4652-4C8F-9EBF-3998B38D64DA}
		{6D66767C-3B58-40E1-BBC7-50C8EFF8EA2C} = {2B36568E-4652-4C8F-9EBF-3998B38D64DA}
		{4829087B-64F7-41D7-9928-754E71B1063D} = {D9A5477F-5833-4DEE-8108-6F1E5B821F51}
		{E6316A8E-C46A-4A17-A8C1-CD8FE24FF4A7} = {D9A5477F-5833-4DEE-8108-6F1E5B821F51}
		{245FF64C-B7DB-47B8-8C41-F5143F295ECB} = {D9A5477F-5833-4DEE-8108-6F1E5B821F51}
		{42F2E89C-DF10-409A-AB24-B427738189C1} = {D9A5477F-5833-4DEE-8108-6F1E5B821F51}
		{B682FF21-1F52-4F7B-A2D5-38BC4393FB92} = {D9A5477F-5833-4DEE-8108-6F1E5B821F51}
		{C371F09B-C555-488A-9CE3-32B57C398337} = {D9A5477F-5833-4DEE-8108-6F1E5B821F51}
		{4CD4603E-D334-436A-AC92-CDF9D41877D3} = {D9A5477F-5833-4DEE-8108-6F1E5B821F51}
		{09CDBA0E-BF2F-41DA-8D04-DA4F6B20D7C5} = {2B36568E-4652-4C8F-9EBF-3998B38D64DA}
		{BECD0D27-7301-4132-8EE7-3B464C7C1708} = {D9A5477F-5833-4DEE-8108-6F1E5B821F51}
		{4747D008-BA49-4C02-8DE5-36044ED7882E} = {2B36568E-4652-4C8F-9EBF-3998B38D64DA}
		{D2F9A8ED-CD0B-4DBB-A0BD-609E1F3D9A37} = {D9A5477F-5833-4DEE-8108-6F1E5B821F51}
		{0175177C-D1E5-4C68-81D2-30A87392D8AF} = {2B36568E-4652-4C8F-9EBF-3998B38D64DA}
		{64BE902A-2063-4579-9F6F-CDC280A04267} = {D9A5477F-5833-4DEE-8108-6F1E5B821F51}
		{6508B738-E1E8-40BD-9196-9AC61B9F4851} = {D9A5477F-5833-4DEE-8108-6F1E5B821F51}
		{F3EE14E7-7177-494E-B4BF-7ED5A40DC956} = {D9A5477F-5833-4DEE-8108-6F1E5B821F51}
		{4560CC24-A43A-495A-8890-E15F5228A5CC} = {D9A5477F-5833-4DEE-8108-6F1E5B821F51}
		{2ABBF5AA-E173-4243-B9A1-4D1938A9DA6A} = {D9A5477F-5833-4DEE-8108-6F1E5B821F51}
		{B96599D3-6BF2-4276-93F3-70E84F03F712} = {D9A5477F-5833-4DEE-8108-6F1E5B821F51}
		{E02FDBA5-2A79-4BE7-B9C9-DA6CFEC58F66} = {D9A5477F-5833-4DEE-8108-6F1E5B821F51}
		{795AF144-C2D9-4D60-BD1A-144E2A131EA0} = {2B36568E-4652-4C8F-9EBF-3998B38D64DA}
		{FC58D173-3F5E-49DE-B38C-2FE94BEBF955} = {D9A5477F-5833-4DEE-8108-6F1E5B821F51}
		{0DA435C4-67D4-48F0-99AE-558819FB9880} = {2B36568E-4652-4C8F-9EBF-3998B38D64DA}
		{B998E621-FB3C-47AE-ACE0-D92D264FA076} = {D9A5477F-5833-4DEE-8108-6F1E5B821F51}
		{2F848E87-80E1-42F3-A6C5-EFD80E1CC864} = {D9A5477F-5833-4DEE-8108-6F1E5B821F51}
		{4357344F-4659-45C8-8112-310F04285645} = {2B36568E-4652-4C8F-9EBF-3998B38D64DA}
		{A3C7F2B1-9E4D-4A8C-B5E6-1F2D3C4E5F6A} = {D9A5477F-5833-4DEE-8108-6F1E5B821F51}
	EndGlobalSection
EndGlobal
